
Microsoft Visual Studio Solution File, Format Version 12.00
# Visual Studio 15
VisualStudioVersion = 15.0.28010.2048
MinimumVisualStudioVersion = 10.0.40219.1
Project("{FAE04EC0-301F-11D3-BF4B-00C04F79EFBC}") = "SoftwareAtHand", "SoftwareAtHand\SoftwareAtHand.csproj", "{B0B6CC15-7EE0-405D-9556-9CC1FB7D8950}"
EndProject
Global
	GlobalSection(SolutionConfigurationPlatforms) = preSolution
		Debug|Any CPU = Debug|Any CPU
		Release|Any CPU = Release|Any CPU
	EndGlobalSection
	GlobalSection(ProjectConfigurationPlatforms) = postSolution
		{B0B6CC15-7EE0-405D-9556-9CC1FB7D8950}.Debug|Any CPU.ActiveCfg = Debug|Any CPU
		{B0B6CC15-7EE0-405D-9556-9CC1FB7D8950}.Debug|Any CPU.Build.0 = Debug|Any CPU
		{B0B6CC15-7EE0-405D-9556-9CC1FB7D8950}.Release|Any CPU.ActiveCfg = Release|Any CPU
		{B0B6CC15-7EE0-405D-9556-9CC1FB7D8950}.Release|Any CPU.Build.0 = Release|Any CPU
	EndGlobalSection
	GlobalSection(SolutionProperties) = preSolution
		HideSolutionNode = FALSE
	EndGlobalSection
	GlobalSection(ExtensibilityGlobals) = postSolution
		SolutionGuid = {D440A90E-6EE1-4885-9E9E-B0B8DEF61C8D}
	EndGlobalSection
EndGlobal
